[{<<"certifi">>,
  {git,"https://github.com/certifi/erlang-certifi.git",
       {ref,"750c09d46e706e2ab8e91fbb7164f0fbfbfc8e86"}},
  0},
 {<<"goldrush">>,
  {git,"https://github.com/basho/goldrush.git",
       {ref,"8f1b715d36b650ec1e1f5612c00e28af6ab0de82"}},
  1},
 {<<"lager">>,
  {git,"https://github.com/erlang-lager/lager.git",
       {ref,"81eaef0ce98fdbf64ab95665e3bc2ec4b24c7dac"}},
  0},
 {<<"parse_trans">>,
  {git,"https://github.com/uwiger/parse_trans.git",
       {ref,"76abb347c3c1d00fb0ccf9e4b43e22b3d2288484"}},
  0},
 {<<"ssl_verify_fun">>,
  {git,"https://github.com/deadtrickster/ssl_verify_fun.erl.git",
       {ref,"c5718226b0b9f3d1a38ef6ca3c3b4c75f53dda92"}},
  0},
 {<<"stacktrace_compat">>,
  {git,"https://github.com/g-andrade/stacktrace_compat.git",
       {ref,"7c8d48f18f2474ba26546b65a63bd15c97fdc59a"}},
  0}].
