[{<<"certifi">>,
  {git,"https://github.com/certifi/erlang-certifi.git",
       {ref,"750c09d46e706e2ab8e91fbb7164f0fbfbfc8e86"}},
  0},
 {<<"parse_trans">>,
  {git,"https://github.com/uwiger/parse_trans.git",
       {ref,"f22fbf4982bc541518d4a9b3ad305810460724e5"}},
  0},
 {<<"ssl_verify_fun">>,
  {git,"https://github.com/deadtrickster/ssl_verify_fun.erl.git",
       {ref,"c5718226b0b9f3d1a38ef6ca3c3b4c75f53dda92"}},
  0},
 {<<"stacktrace_compat">>,
  {git,"https://github.com/g-andrade/stacktrace_compat.git",
       {ref,"7c8d48f18f2474ba26546b65a63bd15c97fdc59a"}},
  0}].
